
Microsoft Visual Studio Solution File, Format Version 12.00
# Visual Studio Version 16
VisualStudioVersion = 16.0.31515.178
MinimumVisualStudioVersion = 10.0.40219.1
Project("{FAE04EC0-301F-11D3-BF4B-00C04F79EFBC}") = "S219002358_P05", "S219002358_P05\S219002358_P05.csproj", "{3B34C141-A3FA-4737-BF37-63BEE6DD2603}"
EndProject
Global
	GlobalSection(SolutionConfigurationPlatforms) = preSolution
		Debug|Any CPU = Debug|Any CPU
		Release|Any CPU = Release|Any CPU
	EndGlobalSection
	GlobalSection(ProjectConfigurationPlatforms) = postSolution
		{3B34C141-A3FA-4737-BF37-63BEE6DD2603}.Debug|Any CPU.ActiveCfg = Debug|Any CPU
		{3B34C141-A3FA-4737-BF37-63BEE6DD2603}.Debug|Any CPU.Build.0 = Debug|Any CPU
		{3B34C141-A3FA-4737-BF37-63BEE6DD2603}.Release|Any CPU.ActiveCfg = Release|Any CPU
		{3B34C141-A3FA-4737-BF37-63BEE6DD2603}.Release|Any CPU.Build.0 = Release|Any CPU
	EndGlobalSection
	GlobalSection(SolutionProperties) = preSolution
		HideSolutionNode = FALSE
	EndGlobalSection
	GlobalSection(ExtensibilityGlobals) = postSolution
		SolutionGuid = {49E6487E-2206-453F-8D9F-A8F5EC86A97D}
	EndGlobalSection
EndGlobal
